
Microsoft Visual Studio Solution File, Format Version 12.00
# Visual Studio Version 16
VisualStudioVersion = 16.0.31105.61
MinimumVisualStudioVersion = 10.0.40219.1
Project("{8BC9CEB8-8B4A-11D0-8D11-00A0C91BC942}") = "CG3190100181", "CG3190100181.vcxproj", "{1680CBA4-7535-4B9B-8937-3A8007B6461D}"
EndProject
Global
	GlobalSection(SolutionConfigurationPlatforms) = preSolution
		Debug|x64 = Debug|x64
		Debug|x86 = Debug|x86
		Release|x64 = Release|x64
		Release|x86 = Release|x86
	EndGlobalSection
	GlobalSection(ProjectConfigurationPlatforms) = postSolution
		{1680CBA4-7535-4B9B-8937-3A8007B6461D}.Debug|x64.ActiveCfg = Debug|x64
		{1680CBA4-7535-4B9B-8937-3A8007B6461D}.Debug|x64.Build.0 = Debug|x64
		{1680CBA4-7535-4B9B-8937-3A8007B6461D}.Debug|x86.ActiveCfg = Debug|Win32
		{1680CBA4-7535-4B9B-8937-3A8007B6461D}.Debug|x86.Build.0 = Debug|Win32
		{1680CBA4-7535-4B9B-8937-3A8007B6461D}.Release|x64.ActiveCfg = Release|x64
		{1680CBA4-7535-4B9B-8937-3A8007B6461D}.Release|x64.Build.0 = Release|x64
		{1680CBA4-7535-4B9B-8937-3A8007B6461D}.Release|x86.ActiveCfg = Release|Win32
		{1680CBA4-7535-4B9B-8937-3A8007B6461D}.Release|x86.Build.0 = Release|Win32
	EndGlobalSection
	GlobalSection(SolutionProperties) = preSolution
		HideSolutionNode = FALSE
	EndGlobalSection
	GlobalSection(ExtensibilityGlobals) = postSolution
		SolutionGuid = {D49F06F4-D04B-4CC5-8901-8791DC36AEBC}
	EndGlobalSection
EndGlobal
